
Microsoft Visual Studio Solution File, Format Version 11.00
# Visual Studio 2010
Project("{FAE04EC0-301F-11D3-BF4B-00C04F79EFBC}") = "Assembly-CSharp", "Assembly-CSharp.csproj", "{4EF8FE6D-BB83-BC96-2E27-B4F807231A61}"
EndProject
Project("{FAE04EC0-301F-11D3-BF4B-00C04F79EFBC}") = "Assembly-CSharp-firstpass", "Assembly-CSharp-firstpass.csproj", "{92F63F00-D70E-CB86-5370-3E3F01888AAA}"
EndProject
Project("{FAE04EC0-301F-11D3-BF4B-00C04F79EFBC}") = "Assembly-CSharp-Editor-firstpass", "Assembly-CSharp-Editor-firstpass.csproj", "{98807A9C-7FDC-6312-3BEC-EB7FD5DF3A5A}"
EndProject
Global
	GlobalSection(SolutionConfigurationPlatforms) = preSolution
		Debug|Any CPU = Debug|Any CPU
		Release|Any CPU = Release|Any CPU
	EndGlobalSection
	GlobalSection(ProjectConfigurationPlatforms) = postSolution
		{4EF8FE6D-BB83-BC96-2E27-B4F807231A61}.Debug|Any CPU.ActiveCfg = Debug|Any CPU
		{4EF8FE6D-BB83-BC96-2E27-B4F807231A61}.Debug|Any CPU.Build.0 = Debug|Any CPU
		{4EF8FE6D-BB83-BC96-2E27-B4F807231A61}.Release|Any CPU.ActiveCfg = Release|Any CPU
		{4EF8FE6D-BB83-BC96-2E27-B4F807231A61}.Release|Any CPU.Build.0 = Release|Any CPU
		{92F63F00-D70E-CB86-5370-3E3F01888AAA}.Debug|Any CPU.ActiveCfg = Debug|Any CPU
		{92F63F00-D70E-CB86-5370-3E3F01888AAA}.Debug|Any CPU.Build.0 = Debug|Any CPU
		{92F63F00-D70E-CB86-5370-3E3F01888AAA}.Release|Any CPU.ActiveCfg = Release|Any CPU
		{92F63F00-D70E-CB86-5370-3E3F01888AAA}.Release|Any CPU.Build.0 = Release|Any CPU
		{98807A9C-7FDC-6312-3BEC-EB7FD5DF3A5A}.Debug|Any CPU.ActiveCfg = Debug|Any CPU
		{98807A9C-7FDC-6312-3BEC-EB7FD5DF3A5A}.Debug|Any CPU.Build.0 = Debug|Any CPU
		{98807A9C-7FDC-6312-3BEC-EB7FD5DF3A5A}.Release|Any CPU.ActiveCfg = Release|Any CPU
		{98807A9C-7FDC-6312-3BEC-EB7FD5DF3A5A}.Release|Any CPU.Build.0 = Release|Any CPU
	EndGlobalSection
	GlobalSection(SolutionProperties) = preSolution
		HideSolutionNode = FALSE
	EndGlobalSection
EndGlobal
