
Microsoft Visual Studio Solution File, Format Version 11.00
# Visual Studio 2010
Project("{FAE04EC0-301F-11D3-BF4B-00C04F79EFBC}") = "Assembly-CSharp", "Assembly-CSharp.csproj", "{ee49b09b-b1d5-340f-72a1-02e1f0ee246f}"
EndProject
Project("{FAE04EC0-301F-11D3-BF4B-00C04F79EFBC}") = "Assembly-CSharp-firstpass", "Assembly-CSharp-firstpass.csproj", "{f7a24a31-867d-56f0-366b-5128bfda0eff}"
EndProject
Project("{FAE04EC0-301F-11D3-BF4B-00C04F79EFBC}") = "Assembly-CSharp-Editor-firstpass", "Assembly-CSharp-Editor-firstpass.csproj", "{a02f4f82-13f8-f532-d953-cd79674956cb}"
EndProject
Global
	GlobalSection(SolutionConfigurationPlatforms) = preSolution
		Debug|Any CPU = Debug|Any CPU
	EndGlobalSection
	GlobalSection(ProjectConfigurationPlatforms) = postSolution
		{ee49b09b-b1d5-340f-72a1-02e1f0ee246f}.Debug|Any CPU.ActiveCfg = Debug|Any CPU
		{ee49b09b-b1d5-340f-72a1-02e1f0ee246f}.Debug|Any CPU.Build.0 = Debug|Any CPU
		{f7a24a31-867d-56f0-366b-5128bfda0eff}.Debug|Any CPU.ActiveCfg = Debug|Any CPU
		{f7a24a31-867d-56f0-366b-5128bfda0eff}.Debug|Any CPU.Build.0 = Debug|Any CPU
		{a02f4f82-13f8-f532-d953-cd79674956cb}.Debug|Any CPU.ActiveCfg = Debug|Any CPU
		{a02f4f82-13f8-f532-d953-cd79674956cb}.Debug|Any CPU.Build.0 = Debug|Any CPU
	EndGlobalSection
	GlobalSection(SolutionProperties) = preSolution
		HideSolutionNode = FALSE
	EndGlobalSection
EndGlobal
